// !$*UTF8*$!
{
	archiveVersion = 1;
	classes = {
	};
	objectVersion = 56;
	objects = {

/* Begin PBXBuildFile section */
		DEC632292AB0350900A4C429 /* LikeCoodinatorLayoutExampleApp.swift in Sources */ = {isa = PBXBuildFile; fileRef = DEC632282AB0350900A4C429 /* LikeCoodinatorLayoutExampleApp.swift */; };
		DEC6322B2AB0350900A4C429 /* ContentView.swift in Sources */ = {isa = PBXBuildFile; fileRef = DEC6322A2AB0350900A4C429 /* ContentView.swift */; };
		DEC6322D2AB0350A00A4C429 /* Assets.xcassets in Resources */ = {isa = PBXBuildFile; fileRef = DEC6322C2AB0350A00A4C429 /* Assets.xcassets */; };
		DEC632302AB0350A00A4C429 /* Preview Assets.xcassets in Resources */ = {isa = PBXBuildFile; fileRef = DEC6322F2AB0350A00A4C429 /* Preview Assets.xcassets */; };
		DEC6323A2AB0350A00A4C429 /* LikeCoodinatorLayoutExampleTests.swift in Sources */ = {isa = PBXBuildFile; fileRef = DEC632392AB0350A00A4C429 /* LikeCoodinatorLayoutExampleTests.swift */; };
		DEC632442AB0350A00A4C429 /* LikeCoodinatorLayoutExampleUITests.swift in Sources */ = {isa = PBXBuildFile; fileRef = DEC632432AB0350A00A4C429 /* LikeCoodinatorLayoutExampleUITests.swift */; };
		DEC632462AB0350A00A4C429 /* LikeCoodinatorLayoutExampleUITestsLaunchTests.swift in Sources */ = {isa = PBXBuildFile; fileRef = DEC632452AB0350A00A4C429 /* LikeCoodinatorLayoutExampleUITestsLaunchTests.swift */; };
		DEFC83812AB305C100504275 /* ContentHeaderView.swift in Sources */ = {isa = PBXBuildFile; fileRef = DEFC83802AB305C100504275 /* ContentHeaderView.swift */; };
		DEFC83832AB305D700504275 /* ContentSheetView.swift in Sources */ = {isa = PBXBuildFile; fileRef = DEFC83822AB305D700504275 /* ContentSheetView.swift */; };
		DEFC83852AB30AEB00504275 /* ContentRowView.swift in Sources */ = {isa = PBXBuildFile; fileRef = DEFC83842AB30AEB00504275 /* ContentRowView.swift */; };
		DEFC83882AB4B05500504275 /* ContentViewModel.swift in Sources */ = {isa = PBXBuildFile; fileRef = DEFC83872AB4B05500504275 /* ContentViewModel.swift */; };
		DEFC838F2AB59AFA00504275 /* FirstAppearExtension.swift in Sources */ = {isa = PBXBuildFile; fileRef = DEFC838E2AB59AFA00504275 /* FirstAppearExtension.swift */; };
		DEFC83912AB5A5F000504275 /* BreadEntity.swift in Sources */ = {isa = PBXBuildFile; fileRef = DEFC83902AB5A5F000504275 /* BreadEntity.swift */; };
		DEFC83932AB6976700504275 /* ScrollViewWithVerticalOffset.swift in Sources */ = {isa = PBXBuildFile; fileRef = DEFC83922AB6976700504275 /* ScrollViewWithVerticalOffset.swift */; };
/* End PBXBuildFile section */

/* Begin PBXContainerItemProxy section */
		DEC632362AB0350A00A4C429 /* PBXContainerItemProxy */ = {
			isa = PBXContainerItemProxy;
			containerPortal = DEC6321D2AB0350900A4C429 /* Project object */;
			proxyType = 1;
			remoteGlobalIDString = DEC632242AB0350900A4C429;
			remoteInfo = LikeCoodinatorLayoutExample;
		};
		DEC632402AB0350A00A4C429 /* PBXContainerItemProxy */ = {
			isa = PBXContainerItemProxy;
			containerPortal = DEC6321D2AB0350900A4C429 /* Project object */;
			proxyType = 1;
			remoteGlobalIDString = DEC632242AB0350900A4C429;
			remoteInfo = LikeCoodinatorLayoutExample;
		};
/* End PBXContainerItemProxy section */

/* Begin PBXFileReference section */
		DEC632252AB0350900A4C429 /* LikeCoodinatorLayoutExample.app */ = {isa = PBXFileReference; explicitFileType = wrapper.application; includeInIndex = 0; path = LikeCoodinatorLayoutExample.app; sourceTree = BUILT_PRODUCTS_DIR; };
		DEC632282AB0350900A4C429 /* LikeCoodinatorLayoutExampleApp.swift */ = {isa = PBXFileReference; lastKnownFileType = sourcecode.swift; path = LikeCoodinatorLayoutExampleApp.swift; sourceTree = "<group>"; };
		DEC6322A2AB0350900A4C429 /* ContentView.swift */ = {isa = PBXFileReference; lastKnownFileType = sourcecode.swift; path = ContentView.swift; sourceTree = "<group>"; };
		DEC6322C2AB0350A00A4C429 /* Assets.xcassets */ = {isa = PBXFileReference; lastKnownFileType = folder.assetcatalog; path = Assets.xcassets; sourceTree = "<group>"; };
		DEC6322F2AB0350A00A4C429 /* Preview Assets.xcassets */ = {isa = PBXFileReference; lastKnownFileType = folder.assetcatalog; path = "Preview Assets.xcassets"; sourceTree = "<group>"; };
		DEC632352AB0350A00A4C429 /* LikeCoodinatorLayoutExampleTests.xctest */ = {isa = PBXFileReference; explicitFileType = wrapper.cfbundle; includeInIndex = 0; path = LikeCoodinatorLayoutExampleTests.xctest; sourceTree = BUILT_PRODUCTS_DIR; };
		DEC632392AB0350A00A4C429 /* LikeCoodinatorLayoutExampleTests.swift */ = {isa = PBXFileReference; lastKnownFileType = sourcecode.swift; path = LikeCoodinatorLayoutExampleTests.swift; sourceTree = "<group>"; };
		DEC6323F2AB0350A00A4C429 /* LikeCoodinatorLayoutExampleUITests.xctest */ = {isa = PBXFileReference; explicitFileType = wrapper.cfbundle; includeInIndex = 0; path = LikeCoodinatorLayoutExampleUITests.xctest; sourceTree = BUILT_PRODUCTS_DIR; };
		DEC632432AB0350A00A4C429 /* LikeCoodinatorLayoutExampleUITests.swift */ = {isa = PBXFileReference; lastKnownFileType = sourcecode.swift; path = LikeCoodinatorLayoutExampleUITests.swift; sourceTree = "<group>"; };
		DEC632452AB0350A00A4C429 /* LikeCoodinatorLayoutExampleUITestsLaunchTests.swift */ = {isa = PBXFileReference; lastKnownFileType = sourcecode.swift; path = LikeCoodinatorLayoutExampleUITestsLaunchTests.swift; sourceTree = "<group>"; };
		DEFC83802AB305C100504275 /* ContentHeaderView.swift */ = {isa = PBXFileReference; lastKnownFileType = sourcecode.swift; path = ContentHeaderView.swift; sourceTree = "<group>"; };
		DEFC83822AB305D700504275 /* ContentSheetView.swift */ = {isa = PBXFileReference; lastKnownFileType = sourcecode.swift; path = ContentSheetView.swift; sourceTree = "<group>"; };
		DEFC83842AB30AEB00504275 /* ContentRowView.swift */ = {isa = PBXFileReference; lastKnownFileType = sourcecode.swift; path = ContentRowView.swift; sourceTree = "<group>"; };
		DEFC83872AB4B05500504275 /* ContentViewModel.swift */ = {isa = PBXFileReference; lastKnownFileType = sourcecode.swift; path = ContentViewModel.swift; sourceTree = "<group>"; };
		DEFC838E2AB59AFA00504275 /* FirstAppearExtension.swift */ = {isa = PBXFileReference; lastKnownFileType = sourcecode.swift; path = FirstAppearExtension.swift; sourceTree = "<group>"; };
		DEFC83902AB5A5F000504275 /* BreadEntity.swift */ = {isa = PBXFileReference; lastKnownFileType = sourcecode.swift; path = BreadEntity.swift; sourceTree = "<group>"; };
		DEFC83922AB6976700504275 /* ScrollViewWithVerticalOffset.swift */ = {isa = PBXFileReference; lastKnownFileType = sourcecode.swift; path = ScrollViewWithVerticalOffset.swift; sourceTree = "<group>"; };
/* End PBXFileReference section */

/* Begin PBXFrameworksBuildPhase section */
		DEC632222AB0350900A4C429 /* Frameworks */ = {
			isa = PBXFrameworksBuildPhase;
			buildActionMask = 2147483647;
			files = (
			);
			runOnlyForDeploymentPostprocessing = 0;
		};
		DEC632322AB0350A00A4C429 /* Frameworks */ = {
			isa = PBXFrameworksBuildPhase;
			buildActionMask = 2147483647;
			files = (
			);
			runOnlyForDeploymentPostprocessing = 0;
		};
		DEC6323C2AB0350A00A4C429 /* Frameworks */ = {
			isa = PBXFrameworksBuildPhase;
			buildActionMask = 2147483647;
			files = (
			);
			runOnlyForDeploymentPostprocessing = 0;
		};
/* End PBXFrameworksBuildPhase section */

/* Begin PBXGroup section */
		DEC6321C2AB0350900A4C429 = {
			isa = PBXGroup;
			children = (
				DEC632272AB0350900A4C429 /* LikeCoodinatorLayoutExample */,
				DEC632382AB0350A00A4C429 /* LikeCoodinatorLayoutExampleTests */,
				DEC632422AB0350A00A4C429 /* LikeCoodinatorLayoutExampleUITests */,
				DEC632262AB0350900A4C429 /* Products */,
			);
			sourceTree = "<group>";
		};
		DEC632262AB0350900A4C429 /* Products */ = {
			isa = PBXGroup;
			children = (
				DEC632252AB0350900A4C429 /* LikeCoodinatorLayoutExample.app */,
				DEC632352AB0350A00A4C429 /* LikeCoodinatorLayoutExampleTests.xctest */,
				DEC6323F2AB0350A00A4C429 /* LikeCoodinatorLayoutExampleUITests.xctest */,
			);
			name = Products;
			sourceTree = "<group>";
		};
		DEC632272AB0350900A4C429 /* LikeCoodinatorLayoutExample */ = {
			isa = PBXGroup;
			children = (
				DEC632282AB0350900A4C429 /* LikeCoodinatorLayoutExampleApp.swift */,
				DEFC838A2AB4B38D00504275 /* Extension */,
				DEFC838D2AB59ACA00504275 /* Entity */,
				DEC632522AB036A000A4C429 /* View */,
				DEFC83862AB4B03D00504275 /* ViewModel */,
				DEC6322C2AB0350A00A4C429 /* Assets.xcassets */,
				DEC6322E2AB0350A00A4C429 /* Preview Content */,
			);
			path = LikeCoodinatorLayoutExample;
			sourceTree = "<group>";
		};
		DEC6322E2AB0350A00A4C429 /* Preview Content */ = {
			isa = PBXGroup;
			children = (
				DEC6322F2AB0350A00A4C429 /* Preview Assets.xcassets */,
			);
			path = "Preview Content";
			sourceTree = "<group>";
		};
		DEC632382AB0350A00A4C429 /* LikeCoodinatorLayoutExampleTests */ = {
			isa = PBXGroup;
			children = (
				DEC632392AB0350A00A4C429 /* LikeCoodinatorLayoutExampleTests.swift */,
			);
			path = LikeCoodinatorLayoutExampleTests;
			sourceTree = "<group>";
		};
		DEC632422AB0350A00A4C429 /* LikeCoodinatorLayoutExampleUITests */ = {
			isa = PBXGroup;
			children = (
				DEC632432AB0350A00A4C429 /* LikeCoodinatorLayoutExampleUITests.swift */,
				DEC632452AB0350A00A4C429 /* LikeCoodinatorLayoutExampleUITestsLaunchTests.swift */,
			);
			path = LikeCoodinatorLayoutExampleUITests;
			sourceTree = "<group>";
		};
		DEC632522AB036A000A4C429 /* View */ = {
			isa = PBXGroup;
			children = (
				DEFC837F2AB305AD00504275 /* Components */,
				DEFC837E2AB305A300504275 /* Content */,
			);
			path = View;
			sourceTree = "<group>";
		};
		DEFC837E2AB305A300504275 /* Content */ = {
			isa = PBXGroup;
			children = (
				DEC6322A2AB0350900A4C429 /* ContentView.swift */,
			);
			path = Content;
			sourceTree = "<group>";
		};
		DEFC837F2AB305AD00504275 /* Components */ = {
			isa = PBXGroup;
			children = (
				DEFC83802AB305C100504275 /* ContentHeaderView.swift */,
				DEFC83822AB305D700504275 /* ContentSheetView.swift */,
				DEFC83842AB30AEB00504275 /* ContentRowView.swift */,
			);
			path = Components;
			sourceTree = "<group>";
		};
		DEFC83862AB4B03D00504275 /* ViewModel */ = {
			isa = PBXGroup;
			children = (
				DEFC83872AB4B05500504275 /* ContentViewModel.swift */,
			);
			path = ViewModel;
			sourceTree = "<group>";
		};
		DEFC838A2AB4B38D00504275 /* Extension */ = {
			isa = PBXGroup;
			children = (
				DEFC838E2AB59AFA00504275 /* FirstAppearExtension.swift */,
				DEFC83922AB6976700504275 /* ScrollViewWithVerticalOffset.swift */,
			);
			path = Extension;
			sourceTree = "<group>";
		};
		DEFC838D2AB59ACA00504275 /* Entity */ = {
			isa = PBXGroup;
			children = (
				DEFC83902AB5A5F000504275 /* BreadEntity.swift */,
			);
			path = Entity;
			sourceTree = "<group>";
		};
/* End PBXGroup section */

/* Begin PBXNativeTarget section */
		DEC632242AB0350900A4C429 /* LikeCoodinatorLayoutExample */ = {
			isa = PBXNativeTarget;
			buildConfigurationList = DEC632492AB0350A00A4C429 /* Build configuration list for PBXNativeTarget "LikeCoodinatorLayoutExample" */;
			buildPhases = (
				DEC632212AB0350900A4C429 /* Sources */,
				DEC632222AB0350900A4C429 /* Frameworks */,
				DEC632232AB0350900A4C429 /* Resources */,
			);
			buildRules = (
			);
			dependencies = (
			);
			name = LikeCoodinatorLayoutExample;
			productName = LikeCoodinatorLayoutExample;
			productReference = DEC632252AB0350900A4C429 /* LikeCoodinatorLayoutExample.app */;
			productType = "com.apple.product-type.application";
		};
		DEC632342AB0350A00A4C429 /* LikeCoodinatorLayoutExampleTests */ = {
			isa = PBXNativeTarget;
			buildConfigurationList = DEC6324C2AB0350A00A4C429 /* Build configuration list for PBXNativeTarget "LikeCoodinatorLayoutExampleTests" */;
			buildPhases = (
				DEC632312AB0350A00A4C429 /* Sources */,
				DEC632322AB0350A00A4C429 /* Frameworks */,
				DEC632332AB0350A00A4C429 /* Resources */,
			);
			buildRules = (
			);
			dependencies = (
				DEC632372AB0350A00A4C429 /* PBXTargetDependency */,
			);
			name = LikeCoodinatorLayoutExampleTests;
			productName = LikeCoodinatorLayoutExampleTests;
			productReference = DEC632352AB0350A00A4C429 /* LikeCoodinatorLayoutExampleTests.xctest */;
			productType = "com.apple.product-type.bundle.unit-test";
		};
		DEC6323E2AB0350A00A4C429 /* LikeCoodinatorLayoutExampleUITests */ = {
			isa = PBXNativeTarget;
			buildConfigurationList = DEC6324F2AB0350A00A4C429 /* Build configuration list for PBXNativeTarget "LikeCoodinatorLayoutExampleUITests" */;
			buildPhases = (
				DEC6323B2AB0350A00A4C429 /* Sources */,
				DEC6323C2AB0350A00A4C429 /* Frameworks */,
				DEC6323D2AB0350A00A4C429 /* Resources */,
			);
			buildRules = (
			);
			dependencies = (
				DEC632412AB0350A00A4C429 /* PBXTargetDependency */,
			);
			name = LikeCoodinatorLayoutExampleUITests;
			productName = LikeCoodinatorLayoutExampleUITests;
			productReference = DEC6323F2AB0350A00A4C429 /* LikeCoodinatorLayoutExampleUITests.xctest */;
			productType = "com.apple.product-type.bundle.ui-testing";
		};
/* End PBXNativeTarget section */

/* Begin PBXProject section */
		DEC6321D2AB0350900A4C429 /* Project object */ = {
			isa = PBXProject;
			attributes = {
				BuildIndependentTargetsInParallel = 1;
				LastSwiftUpdateCheck = 1430;
				LastUpgradeCheck = 1430;
				TargetAttributes = {
					DEC632242AB0350900A4C429 = {
						CreatedOnToolsVersion = 14.3.1;
					};
					DEC632342AB0350A00A4C429 = {
						CreatedOnToolsVersion = 14.3.1;
						TestTargetID = DEC632242AB0350900A4C429;
					};
					DEC6323E2AB0350A00A4C429 = {
						CreatedOnToolsVersion = 14.3.1;
						TestTargetID = DEC632242AB0350900A4C429;
					};
				};
			};
			buildConfigurationList = DEC632202AB0350900A4C429 /* Build configuration list for PBXProject "LikeCoodinatorLayoutExample" */;
			compatibilityVersion = "Xcode 14.0";
			developmentRegion = en;
			hasScannedForEncodings = 0;
			knownRegions = (
				en,
				Base,
			);
			mainGroup = DEC6321C2AB0350900A4C429;
			productRefGroup = DEC632262AB0350900A4C429 /* Products */;
			projectDirPath = "";
			projectRoot = "";
			targets = (
				DEC632242AB0350900A4C429 /* LikeCoodinatorLayoutExample */,
				DEC632342AB0350A00A4C429 /* LikeCoodinatorLayoutExampleTests */,
				DEC6323E2AB0350A00A4C429 /* LikeCoodinatorLayoutExampleUITests */,
			);
		};
/* End PBXProject section */

/* Begin PBXResourcesBuildPhase section */
		DEC632232AB0350900A4C429 /* Resources */ = {
			isa = PBXResourcesBuildPhase;
			buildActionMask = 2147483647;
			files = (
				DEC632302AB0350A00A4C429 /* Preview Assets.xcassets in Resources */,
				DEC6322D2AB0350A00A4C429 /* Assets.xcassets in Resources */,
			);
			runOnlyForDeploymentPostprocessing = 0;
		};
		DEC632332AB0350A00A4C429 /* Resources */ = {
			isa = PBXResourcesBuildPhase;
			buildActionMask = 2147483647;
			files = (
			);
			runOnlyForDeploymentPostprocessing = 0;
		};
		DEC6323D2AB0350A00A4C429 /* Resources */ = {
			isa = PBXResourcesBuildPhase;
			buildActionMask = 2147483647;
			files = (
			);
			runOnlyForDeploymentPostprocessing = 0;
		};
/* End PBXResourcesBuildPhase section */

/* Begin PBXSourcesBuildPhase section */
		DEC632212AB0350900A4C429 /* Sources */ = {
			isa = PBXSourcesBuildPhase;
			buildActionMask = 2147483647;
			files = (
				DEFC83852AB30AEB00504275 /* ContentRowView.swift in Sources */,
				DEFC83932AB6976700504275 /* ScrollViewWithVerticalOffset.swift in Sources */,
				DEFC83832AB305D700504275 /* ContentSheetView.swift in Sources */,
				DEFC838F2AB59AFA00504275 /* FirstAppearExtension.swift in Sources */,
				DEFC83882AB4B05500504275 /* ContentViewModel.swift in Sources */,
				DEFC83912AB5A5F000504275 /* BreadEntity.swift in Sources */,
				DEFC83812AB305C100504275 /* ContentHeaderView.swift in Sources */,
				DEC6322B2AB0350900A4C429 /* ContentView.swift in Sources */,
				DEC632292AB0350900A4C429 /* LikeCoodinatorLayoutExampleApp.swift in Sources */,
			);
			runOnlyForDeploymentPostprocessing = 0;
		};
		DEC632312AB0350A00A4C429 /* Sources */ = {
			isa = PBXSourcesBuildPhase;
			buildActionMask = 2147483647;
			files = (
				DEC6323A2AB0350A00A4C429 /* LikeCoodinatorLayoutExampleTests.swift in Sources */,
			);
			runOnlyForDeploymentPostprocessing = 0;
		};
		DEC6323B2AB0350A00A4C429 /* Sources */ = {
			isa = PBXSourcesBuildPhase;
			buildActionMask = 2147483647;
			files = (
				DEC632462AB0350A00A4C429 /* LikeCoodinatorLayoutExampleUITestsLaunchTests.swift in Sources */,
				DEC632442AB0350A00A4C429 /* LikeCoodinatorLayoutExampleUITests.swift in Sources */,
			);
			runOnlyForDeploymentPostprocessing = 0;
		};
/* End PBXSourcesBuildPhase section */

/* Begin PBXTargetDependency section */
		DEC632372AB0350A00A4C429 /* PBXTargetDependency */ = {
			isa = PBXTargetDependency;
			target = DEC632242AB0350900A4C429 /* LikeCoodinatorLayoutExample */;
			targetProxy = DEC632362AB0350A00A4C429 /* PBXContainerItemProxy */;
		};
		DEC632412AB0350A00A4C429 /* PBXTargetDependency */ = {
			isa = PBXTargetDependency;
			target = DEC632242AB0350900A4C429 /* LikeCoodinatorLayoutExample */;
			targetProxy = DEC632402AB0350A00A4C429 /* PBXContainerItemProxy */;
		};
/* End PBXTargetDependency section */

/* Begin XCBuildConfiguration section */
		DEC632472AB0350A00A4C429 /* Debug */ = {
			isa = XCBuildConfiguration;
			buildSettings = {
				ALWAYS_SEARCH_USER_PATHS = NO;
				CLANG_ANALYZER_NONNULL = YES;
				CLANG_ANALYZER_NUMBER_OBJECT_CONVERSION = YES_AGGRESSIVE;
				CLANG_CXX_LANGUAGE_STANDARD = "gnu++20";
				CLANG_ENABLE_MODULES = YES;
				CLANG_ENABLE_OBJC_ARC = YES;
				CLANG_ENABLE_OBJC_WEAK = YES;
				CLANG_WARN_BLOCK_CAPTURE_AUTORELEASING = YES;
				CLANG_WARN_BOOL_CONVERSION = YES;
				CLANG_WARN_COMMA = YES;
				CLANG_WARN_CONSTANT_CONVERSION = YES;
				CLANG_WARN_DEPRECATED_OBJC_IMPLEMENTATIONS = YES;
				CLANG_WARN_DIRECT_OBJC_ISA_USAGE = YES_ERROR;
				CLANG_WARN_DOCUMENTATION_COMMENTS = YES;
				CLANG_WARN_EMPTY_BODY = YES;
				CLANG_WARN_ENUM_CONVERSION = YES;
				CLANG_WARN_INFINITE_RECURSION = YES;
				CLANG_WARN_INT_CONVERSION = YES;
				CLANG_WARN_NON_LITERAL_NULL_CONVERSION = YES;
				CLANG_WARN_OBJC_IMPLICIT_RETAIN_SELF = YES;
				CLANG_WARN_OBJC_LITERAL_CONVERSION = YES;
				CLANG_WARN_OBJC_ROOT_CLASS = YES_ERROR;
				CLANG_WARN_QUOTED_INCLUDE_IN_FRAMEWORK_HEADER = YES;
				CLANG_WARN_RANGE_LOOP_ANALYSIS = YES;
				CLANG_WARN_STRICT_PROTOTYPES = YES;
				CLANG_WARN_SUSPICIOUS_MOVE = YES;
				CLANG_WARN_UNGUARDED_AVAILABILITY = YES_AGGRESSIVE;
				CLANG_WARN_UNREACHABLE_CODE = YES;
				CLANG_WARN__DUPLICATE_METHOD_MATCH = YES;
				COPY_PHASE_STRIP = NO;
				DEBUG_INFORMATION_FORMAT = dwarf;
				ENABLE_STRICT_OBJC_MSGSEND = YES;
				ENABLE_TESTABILITY = YES;
				GCC_C_LANGUAGE_STANDARD = gnu11;
				GCC_DYNAMIC_NO_PIC = NO;
				GCC_NO_COMMON_BLOCKS = YES;
				GCC_OPTIMIZATION_LEVEL = 0;
				GCC_PREPROCESSOR_DEFINITIONS = (
					"DEBUG=1",
					"$(inherited)",
				);
				GCC_WARN_64_TO_32_BIT_CONVERSION = YES;
				GCC_WARN_ABOUT_RETURN_TYPE = YES_ERROR;
				GCC_WARN_UNDECLARED_SELECTOR = YES;
				GCC_WARN_UNINITIALIZED_AUTOS = YES_AGGRESSIVE;
				GCC_WARN_UNUSED_FUNCTION = YES;
				GCC_WARN_UNUSED_VARIABLE = YES;
				IPHONEOS_DEPLOYMENT_TARGET = 16.4;
				MTL_ENABLE_DEBUG_INFO = INCLUDE_SOURCE;
				MTL_FAST_MATH = YES;
				ONLY_ACTIVE_ARCH = YES;
				SDKROOT = iphoneos;
				SWIFT_ACTIVE_COMPILATION_CONDITIONS = DEBUG;
				SWIFT_OPTIMIZATION_LEVEL = "-Onone";
			};
			name = Debug;
		};
		DEC632482AB0350A00A4C429 /* Release */ = {
			isa = XCBuildConfiguration;
			buildSettings = {
				ALWAYS_SEARCH_USER_PATHS = NO;
				CLANG_ANALYZER_NONNULL = YES;
				CLANG_ANALYZER_NUMBER_OBJECT_CONVERSION = YES_AGGRESSIVE;
				CLANG_CXX_LANGUAGE_STANDARD = "gnu++20";
				CLANG_ENABLE_MODULES = YES;
				CLANG_ENABLE_OBJC_ARC = YES;
				CLANG_ENABLE_OBJC_WEAK = YES;
				CLANG_WARN_BLOCK_CAPTURE_AUTORELEASING = YES;
				CLANG_WARN_BOOL_CONVERSION = YES;
				CLANG_WARN_COMMA = YES;
				CLANG_WARN_CONSTANT_CONVERSION = YES;
				CLANG_WARN_DEPRECATED_OBJC_IMPLEMENTATIONS = YES;
				CLANG_WARN_DIRECT_OBJC_ISA_USAGE = YES_ERROR;
				CLANG_WARN_DOCUMENTATION_COMMENTS = YES;
				CLANG_WARN_EMPTY_BODY = YES;
				CLANG_WARN_ENUM_CONVERSION = YES;
				CLANG_WARN_INFINITE_RECURSION = YES;
				CLANG_WARN_INT_CONVERSION = YES;
				CLANG_WARN_NON_LITERAL_NULL_CONVERSION = YES;
				CLANG_WARN_OBJC_IMPLICIT_RETAIN_SELF = YES;
				CLANG_WARN_OBJC_LITERAL_CONVERSION = YES;
				CLANG_WARN_OBJC_ROOT_CLASS = YES_ERROR;
				CLANG_WARN_QUOTED_INCLUDE_IN_FRAMEWORK_HEADER = YES;
				CLANG_WARN_RANGE_LOOP_ANALYSIS = YES;
				CLANG_WARN_STRICT_PROTOTYPES = YES;
				CLANG_WARN_SUSPICIOUS_MOVE = YES;
				CLANG_WARN_UNGUARDED_AVAILABILITY = YES_AGGRESSIVE;
				CLANG_WARN_UNREACHABLE_CODE = YES;
				CLANG_WARN__DUPLICATE_METHOD_MATCH = YES;
				COPY_PHASE_STRIP = NO;
				DEBUG_INFORMATION_FORMAT = "dwarf-with-dsym";
				ENABLE_NS_ASSERTIONS = NO;
				ENABLE_STRICT_OBJC_MSGSEND = YES;
				GCC_C_LANGUAGE_STANDARD = gnu11;
				GCC_NO_COMMON_BLOCKS = YES;
				GCC_WARN_64_TO_32_BIT_CONVERSION = YES;
				GCC_WARN_ABOUT_RETURN_TYPE = YES_ERROR;
				GCC_WARN_UNDECLARED_SELECTOR = YES;
				GCC_WARN_UNINITIALIZED_AUTOS = YES_AGGRESSIVE;
				GCC_WARN_UNUSED_FUNCTION = YES;
				GCC_WARN_UNUSED_VARIABLE = YES;
				IPHONEOS_DEPLOYMENT_TARGET = 16.4;
				MTL_ENABLE_DEBUG_INFO = NO;
				MTL_FAST_MATH = YES;
				SDKROOT = iphoneos;
				SWIFT_COMPILATION_MODE = wholemodule;
				SWIFT_OPTIMIZATION_LEVEL = "-O";
				VALIDATE_PRODUCT = YES;
			};
			name = Release;
		};
		DEC6324A2AB0350A00A4C429 /* Debug */ = {
			isa = XCBuildConfiguration;
			buildSettings = {
				ASSETCATALOG_COMPILER_APPICON_NAME = AppIcon;
				ASSETCATALOG_COMPILER_GLOBAL_ACCENT_COLOR_NAME = AccentColor;
				CODE_SIGN_STYLE = Automatic;
				CURRENT_PROJECT_VERSION = 1;
				DEVELOPMENT_ASSET_PATHS = "\"LikeCoodinatorLayoutExample/Preview Content\"";
				DEVELOPMENT_TEAM = S5BF5553KY;
				ENABLE_PREVIEWS = YES;
				GENERATE_INFOPLIST_FILE = YES;
				INFOPLIST_KEY_UIApplicationSceneManifest_Generation = YES;
				INFOPLIST_KEY_UIApplicationSupportsIndirectInputEvents = YES;
				INFOPLIST_KEY_UILaunchScreen_Generation = YES;
				INFOPLIST_KEY_UISupportedInterfaceOrientations = "UIInterfaceOrientationLandscapeLeft UIInterfaceOrientationLandscapeRight UIInterfaceOrientationPortrait";
				LD_RUNPATH_SEARCH_PATHS = (
					"$(inherited)",
					"@executable_path/Frameworks",
				);
				MARKETING_VERSION = 1.0;
				PRODUCT_BUNDLE_IDENTIFIER = net.just1factory.LikeCoodinatorLayoutExample;
				PRODUCT_NAME = "$(TARGET_NAME)";
				SWIFT_EMIT_LOC_STRINGS = YES;
				SWIFT_VERSION = 5.0;
				TARGETED_DEVICE_FAMILY = "1,2";
			};
			name = Debug;
		};
		DEC6324B2AB0350A00A4C429 /* Release */ = {
			isa = XCBuildConfiguration;
			buildSettings = {
				ASSETCATALOG_COMPILER_APPICON_NAME = AppIcon;
				ASSETCATALOG_COMPILER_GLOBAL_ACCENT_COLOR_NAME = AccentColor;
				CODE_SIGN_STYLE = Automatic;
				CURRENT_PROJECT_VERSION = 1;
				DEVELOPMENT_ASSET_PATHS = "\"LikeCoodinatorLayoutExample/Preview Content\"";
				DEVELOPMENT_TEAM = S5BF5553KY;
				ENABLE_PREVIEWS = YES;
				GENERATE_INFOPLIST_FILE = YES;
				INFOPLIST_KEY_UIApplicationSceneManifest_Generation = YES;
				INFOPLIST_KEY_UIApplicationSupportsIndirectInputEvents = YES;
				INFOPLIST_KEY_UILaunchScreen_Generation = YES;
				INFOPLIST_KEY_UISupportedInterfaceOrientations = "UIInterfaceOrientationLandscapeLeft UIInterfaceOrientationLandscapeRight UIInterfaceOrientationPortrait";
				LD_RUNPATH_SEARCH_PATHS = (
					"$(inherited)",
					"@executable_path/Frameworks",
				);
				MARKETING_VERSION = 1.0;
				PRODUCT_BUNDLE_IDENTIFIER = net.just1factory.LikeCoodinatorLayoutExample;
				PRODUCT_NAME = "$(TARGET_NAME)";
				SWIFT_EMIT_LOC_STRINGS = YES;
				SWIFT_VERSION = 5.0;
				TARGETED_DEVICE_FAMILY = "1,2";
			};
			name = Release;
		};
		DEC6324D2AB0350A00A4C429 /* Debug */ = {
			isa = XCBuildConfiguration;
			buildSettings = {
				ALWAYS_EMBED_SWIFT_STANDARD_LIBRARIES = YES;
				BUNDLE_LOADER = "$(TEST_HOST)";
				CODE_SIGN_STYLE = Automatic;
				CURRENT_PROJECT_VERSION = 1;
				DEVELOPMENT_TEAM = S5BF5553KY;
				GENERATE_INFOPLIST_FILE = YES;
				IPHONEOS_DEPLOYMENT_TARGET = 16.4;
				MARKETING_VERSION = 1.0;
				PRODUCT_BUNDLE_IDENTIFIER = net.just1factory.LikeCoodinatorLayoutExampleTests;
				PRODUCT_NAME = "$(TARGET_NAME)";
				SWIFT_EMIT_LOC_STRINGS = NO;
				SWIFT_VERSION = 5.0;
				TARGETED_DEVICE_FAMILY = "1,2";
				TEST_HOST = "$(BUILT_PRODUCTS_DIR)/LikeCoodinatorLayoutExample.app/$(BUNDLE_EXECUTABLE_FOLDER_PATH)/LikeCoodinatorLayoutExample";
			};
			name = Debug;
		};
		DEC6324E2AB0350A00A4C429 /* Release */ = {
			isa = XCBuildConfiguration;
			buildSettings = {
				ALWAYS_EMBED_SWIFT_STANDARD_LIBRARIES = YES;
				BUNDLE_LOADER = "$(TEST_HOST)";
				CODE_SIGN_STYLE = Automatic;
				CURRENT_PROJECT_VERSION = 1;
				DEVELOPMENT_TEAM = S5BF5553KY;
				GENERATE_INFOPLIST_FILE = YES;
				IPHONEOS_DEPLOYMENT_TARGET = 16.4;
				MARKETING_VERSION = 1.0;
				PRODUCT_BUNDLE_IDENTIFIER = net.just1factory.LikeCoodinatorLayoutExampleTests;
				PRODUCT_NAME = "$(TARGET_NAME)";
				SWIFT_EMIT_LOC_STRINGS = NO;
				SWIFT_VERSION = 5.0;
				TARGETED_DEVICE_FAMILY = "1,2";
				TEST_HOST = "$(BUILT_PRODUCTS_DIR)/LikeCoodinatorLayoutExample.app/$(BUNDLE_EXECUTABLE_FOLDER_PATH)/LikeCoodinatorLayoutExample";
			};
			name = Release;
		};
		DEC632502AB0350A00A4C429 /* Debug */ = {
			isa = XCBuildConfiguration;
			buildSettings = {
				ALWAYS_EMBED_SWIFT_STANDARD_LIBRARIES = YES;
				CODE_SIGN_STYLE = Automatic;
				CURRENT_PROJECT_VERSION = 1;
				DEVELOPMENT_TEAM = S5BF5553KY;
				GENERATE_INFOPLIST_FILE = YES;
				MARKETING_VERSION = 1.0;
				PRODUCT_BUNDLE_IDENTIFIER = net.just1factory.LikeCoodinatorLayoutExampleUITests;
				PRODUCT_NAME = "$(TARGET_NAME)";
				SWIFT_EMIT_LOC_STRINGS = NO;
				SWIFT_VERSION = 5.0;
				TARGETED_DEVICE_FAMILY = "1,2";
				TEST_TARGET_NAME = LikeCoodinatorLayoutExample;
			};
			name = Debug;
		};
		DEC632512AB0350A00A4C429 /* Release */ = {
			isa = XCBuildConfiguration;
			buildSettings = {
				ALWAYS_EMBED_SWIFT_STANDARD_LIBRARIES = YES;
				CODE_SIGN_STYLE = Automatic;
				CURRENT_PROJECT_VERSION = 1;
				DEVELOPMENT_TEAM = S5BF5553KY;
				GENERATE_INFOPLIST_FILE = YES;
				MARKETING_VERSION = 1.0;
				PRODUCT_BUNDLE_IDENTIFIER = net.just1factory.LikeCoodinatorLayoutExampleUITests;
				PRODUCT_NAME = "$(TARGET_NAME)";
				SWIFT_EMIT_LOC_STRINGS = NO;
				SWIFT_VERSION = 5.0;
				TARGETED_DEVICE_FAMILY = "1,2";
				TEST_TARGET_NAME = LikeCoodinatorLayoutExample;
			};
			name = Release;
		};
/* End XCBuildConfiguration section */

/* Begin XCConfigurationList section */
		DEC632202AB0350900A4C429 /* Build configuration list for PBXProject "LikeCoodinatorLayoutExample" */ = {
			isa = XCConfigurationList;
			buildConfigurations = (
				DEC632472AB0350A00A4C429 /* Debug */,
				DEC632482AB0350A00A4C429 /* Release */,
			);
			defaultConfigurationIsVisible = 0;
			defaultConfigurationName = Release;
		};
		DEC632492AB0350A00A4C429 /* Build configuration list for PBXNativeTarget "LikeCoodinatorLayoutExample" */ = {
			isa = XCConfigurationList;
			buildConfigurations = (
				DEC6324A2AB0350A00A4C429 /* Debug */,
				DEC6324B2AB0350A00A4C429 /* Release */,
			);
			defaultConfigurationIsVisible = 0;
			defaultConfigurationName = Release;
		};
		DEC6324C2AB0350A00A4C429 /* Build configuration list for PBXNativeTarget "LikeCoodinatorLayoutExampleTests" */ = {
			isa = XCConfigurationList;
			buildConfigurations = (
				DEC6324D2AB0350A00A4C429 /* Debug */,
				DEC6324E2AB0350A00A4C429 /* Release */,
			);
			defaultConfigurationIsVisible = 0;
			defaultConfigurationName = Release;
		};
		DEC6324F2AB0350A00A4C429 /* Build configuration list for PBXNativeTarget "LikeCoodinatorLayoutExampleUITests" */ = {
			isa = XCConfigurationList;
			buildConfigurations = (
				DEC632502AB0350A00A4C429 /* Debug */,
				DEC632512AB0350A00A4C429 /* Release */,
			);
			defaultConfigurationIsVisible = 0;
			defaultConfigurationName = Release;
		};
/* End XCConfigurationList section */
	};
	rootObject = DEC6321D2AB0350900A4C429 /* Project object */;
}
